<?xml version="1.0" encoding="utf-8"?>
<Project ToolsVersion="4.0" xmlns="http://schemas.microsoft.com/developer/msbuild/2003">
  <ItemGroup>
    <ClCompile Include="main.cpp" />
    <ClCompile Include="MyScene.cpp" />
    <ClCompile Include="ParticleEmitter.cpp">
      <Filter>APP</Filter>
    </ClCompile>
    <ClCompile Include="..\..\ncltech\Audio.cpp">
      <Filter>APP</Filter>
    </ClCompile>
    <ClCompile Include="Network.cpp">
      <Filter>Network</Filter>
    </ClCompile>
    <ClCompile Include="Server.cpp">
      <Filter>Network</Filter>
    </ClCompile>
    <ClCompile Include="Thread.cpp">
      <Filter>Threads</Filter>
    </ClCompile>
    <ClCompile Include="Game.cpp" />
    <ClCompile Include="ClientSession.cpp">
      <Filter>Network</Filter>
    </ClCompile>
  </ItemGroup>
  <ItemGroup>
    <ClInclude Include="MyScene.h" />
    <ClInclude Include="ParticleEmitter.h">
      <Filter>APP</Filter>
    </ClInclude>
    <ClInclude Include="..\..\ncltech\Audio.h">
      <Filter>APP</Filter>
    </ClInclude>
    <ClInclude Include="Network.h">
      <Filter>Network</Filter>
    </ClInclude>
    <ClInclude Include="Server.h">
      <Filter>Network</Filter>
    </ClInclude>
    <ClInclude Include="Thread.h">
      <Filter>Threads</Filter>
    </ClInclude>
    <ClInclude Include="Game.h" />
    <ClInclude Include="ClientSession.h">
      <Filter>Network</Filter>
    </ClInclude>
  </ItemGroup>
  <ItemGroup>
    <Filter Include="APP">
      <UniqueIdentifier>{9cdee8f6-5b6c-4e55-b377-8205f6e629b8}</UniqueIdentifier>
    </Filter>
    <Filter Include="Network">
      <UniqueIdentifier>{5c55e2a5-385b-4f35-a057-6a09c6a0547a}</UniqueIdentifier>
    </Filter>
    <Filter Include="Threads">
      <UniqueIdentifier>{d6e48044-8bd2-48d2-9f5e-333f65e0f041}</UniqueIdentifier>
    </Filter>
  </ItemGroup>
</Project>