<?xml version="1.0" encoding="utf-8"?>
<Project ToolsVersion="4.0" xmlns="http://schemas.microsoft.com/developer/msbuild/2003">
  <ItemGroup>
    <Filter Include="Source Files">
      <UniqueIdentifier>{4FC737F1-C7A5-4376-A066-2A32D752A2FF}</UniqueIdentifier>
      <Extensions>cpp;c;cc;cxx;def;odl;idl;hpj;bat;asm;asmx</Extensions>
    </Filter>
    <Filter Include="Header Files">
      <UniqueIdentifier>{93995380-89BD-4b04-88EB-625FBE52EBFB}</UniqueIdentifier>
      <Extensions>h;hh;hpp;hxx;hm;inl;inc;xsd</Extensions>
    </Filter>
    <Filter Include="Resource Files">
      <UniqueIdentifier>{67DA6AB6-F800-4c08-8B7A-83BB121AAD01}</UniqueIdentifier>
      <Extensions>rc;ico;cur;bmp;dlg;rc2;rct;bin;rgs;gif;jpg;jpeg;jpe;resx;tiff;tif;png;wav;mfcribbon-ms</Extensions>
    </Filter>
    <Filter Include="Header Files\Physics">
      <UniqueIdentifier>{ac6d0ab1-55b0-4fc3-aa69-dfe156d32bd5}</UniqueIdentifier>
    </Filter>
    <Filter Include="Header Files\Physics\Constraints">
      <UniqueIdentifier>{6e2bc176-e49e-4787-a6ab-e90c1a3e4fa0}</UniqueIdentifier>
    </Filter>
    <Filter Include="Header Files\Physics\CollisionShapes">
      <UniqueIdentifier>{565b8c19-9d3a-4b0d-b389-90aa6b527c08}</UniqueIdentifier>
    </Filter>
    <Filter Include="Source Files\Physics">
      <UniqueIdentifier>{41fd562a-f1c9-410f-8bd0-42ead3a30f32}</UniqueIdentifier>
    </Filter>
    <Filter Include="Source Files\Physics\Constraints">
      <UniqueIdentifier>{f5ee26b8-b9a6-4d7e-8e98-9358df5c5b30}</UniqueIdentifier>
    </Filter>
    <Filter Include="Source Files\Physics\CollisionShapes">
      <UniqueIdentifier>{39bf44f8-0ca5-45ad-a15b-56a39b267895}</UniqueIdentifier>
    </Filter>
    <Filter Include="Header Files\Utility">
      <UniqueIdentifier>{47f6397b-9493-4d21-aac7-a5b6e4c98575}</UniqueIdentifier>
    </Filter>
    <Filter Include="Source Files\Uitility">
      <UniqueIdentifier>{5e8d4656-e976-440f-a8c0-a58c6eb2891d}</UniqueIdentifier>
    </Filter>
    <Filter Include="Source Files\AI">
      <UniqueIdentifier>{f976e221-e023-45d0-9a38-052d0e276d19}</UniqueIdentifier>
    </Filter>
    <Filter Include="Header Files\AI">
      <UniqueIdentifier>{b9d098be-04e2-4694-afc5-c7406c00622b}</UniqueIdentifier>
    </Filter>
    <Filter Include="Header Files\Network">
      <UniqueIdentifier>{e5a813e6-01ea-4093-9713-1cdeb005a726}</UniqueIdentifier>
    </Filter>
    <Filter Include="Source Files\Network">
      <UniqueIdentifier>{c86b0ca8-3bac-4e02-aee6-4ca956eb303b}</UniqueIdentifier>
    </Filter>
    <Filter Include="Header Files\Threads">
      <UniqueIdentifier>{552193be-37b4-4200-8dd3-9a4629d0a156}</UniqueIdentifier>
    </Filter>
    <Filter Include="Source Files\Threads">
      <UniqueIdentifier>{0818f299-becd-470e-9f62-1e7769b68367}</UniqueIdentifier>
    </Filter>
  </ItemGroup>
  <ItemGroup>
    <ClCompile Include="Scene.cpp">
      <Filter>Source Files</Filter>
    </ClCompile>
    <ClCompile Include="SimpleMeshObject.cpp">
      <Filter>Source Files</Filter>
    </ClCompile>
    <ClCompile Include="GameObject.cpp">
      <Filter>Source Files</Filter>
    </ClCompile>
    <ClCompile Include="Hull.cpp">
      <Filter>Source Files</Filter>
    </ClCompile>
    <ClCompile Include="Constraint.cpp">
      <Filter>Source Files\Physics\Constraints</Filter>
    </ClCompile>
    <ClCompile Include="CuboidCollisionShape.cpp">
      <Filter>Source Files\Physics\CollisionShapes</Filter>
    </ClCompile>
    <ClCompile Include="SphereCollisionShape.cpp">
      <Filter>Source Files\Physics\CollisionShapes</Filter>
    </ClCompile>
    <ClCompile Include="Manifold.cpp">
      <Filter>Source Files\Physics\Constraints</Filter>
    </ClCompile>
    <ClCompile Include="NCLDebug.cpp">
      <Filter>Source Files</Filter>
    </ClCompile>
    <ClCompile Include="CollisionDetection.cpp">
      <Filter>Source Files\Physics</Filter>
    </ClCompile>
    <ClCompile Include="PhysicsEngine.cpp">
      <Filter>Source Files\Physics</Filter>
    </ClCompile>
    <ClCompile Include="PhysicsObject.cpp">
      <Filter>Source Files\Physics</Filter>
    </ClCompile>
    <ClCompile Include="GameObjectMag.cpp">
      <Filter>Source Files</Filter>
    </ClCompile>
    <ClCompile Include="AssetsManager.cpp">
      <Filter>Source Files</Filter>
    </ClCompile>
    <ClCompile Include="ActionHandler.cpp">
      <Filter>Source Files</Filter>
    </ClCompile>
    <ClCompile Include="ArbitraryAI.cpp">
      <Filter>Source Files\AI</Filter>
    </ClCompile>
    <ClCompile Include="GuardState.cpp">
      <Filter>Source Files\AI</Filter>
    </ClCompile>
    <ClCompile Include="HomeState.cpp">
      <Filter>Source Files\AI</Filter>
    </ClCompile>
    <ClCompile Include="OffState.cpp">
      <Filter>Source Files\AI</Filter>
    </ClCompile>
    <ClCompile Include="Player.cpp">
      <Filter>Source Files</Filter>
    </ClCompile>
    <ClCompile Include="PyramidCollisionShape.cpp">
      <Filter>Source Files\Physics\CollisionShapes</Filter>
    </ClCompile>
    <ClCompile Include="Thread.cpp">
      <Filter>Source Files\Threads</Filter>
    </ClCompile>
    <ClCompile Include="Network.cpp">
      <Filter>Source Files\Network</Filter>
    </ClCompile>
    <ClCompile Include="Client.cpp">
      <Filter>Source Files\Network</Filter>
    </ClCompile>
    <ClCompile Include="Server.cpp">
      <Filter>Source Files\Network</Filter>
    </ClCompile>
  </ItemGroup>
  <ItemGroup>
    <ClInclude Include="GameObject.h">
      <Filter>Header Files</Filter>
    </ClInclude>
    <ClInclude Include="Hull.h">
      <Filter>Header Files</Filter>
    </ClInclude>
    <ClInclude Include="Scene.h">
      <Filter>Header Files</Filter>
    </ClInclude>
    <ClInclude Include="SimpleMeshObject.h">
      <Filter>Header Files</Filter>
    </ClInclude>
    <ClInclude Include="TSingleton.h">
      <Filter>Header Files</Filter>
    </ClInclude>
    <ClInclude Include="CollisionShape.h">
      <Filter>Header Files\Physics\CollisionShapes</Filter>
    </ClInclude>
    <ClInclude Include="CuboidCollisionShape.h">
      <Filter>Header Files\Physics\CollisionShapes</Filter>
    </ClInclude>
    <ClInclude Include="SphereCollisionShape.h">
      <Filter>Header Files\Physics\CollisionShapes</Filter>
    </ClInclude>
    <ClInclude Include="DistanceConstraint.h">
      <Filter>Header Files\Physics\Constraints</Filter>
    </ClInclude>
    <ClInclude Include="Manifold.h">
      <Filter>Header Files\Physics\Constraints</Filter>
    </ClInclude>
    <ClInclude Include="Constraint.h">
      <Filter>Header Files\Physics\Constraints</Filter>
    </ClInclude>
    <ClInclude Include="NCLDebug.h">
      <Filter>Header Files</Filter>
    </ClInclude>
    <ClInclude Include="CollisionDetection.h">
      <Filter>Header Files\Physics</Filter>
    </ClInclude>
    <ClInclude Include="PhysicsEngine.h">
      <Filter>Header Files\Physics</Filter>
    </ClInclude>
    <ClInclude Include="PhysicsObject.h">
      <Filter>Header Files\Physics</Filter>
    </ClInclude>
    <ClInclude Include="GameObjectMag.h">
      <Filter>Header Files</Filter>
    </ClInclude>
    <ClInclude Include="AssetsManager.h">
      <Filter>Header Files</Filter>
    </ClInclude>
    <ClInclude Include="ControlHandler.h">
      <Filter>Header Files</Filter>
    </ClInclude>
    <ClInclude Include="ConfigFileLoader.h">
      <Filter>Header Files\Utility</Filter>
    </ClInclude>
    <ClInclude Include="ActionHandler.h">
      <Filter>Header Files</Filter>
    </ClInclude>
    <ClInclude Include="ArbitraryAI.h">
      <Filter>Header Files\AI</Filter>
    </ClInclude>
    <ClInclude Include="BaseState.h">
      <Filter>Header Files\AI</Filter>
    </ClInclude>
    <ClInclude Include="GuardState.h">
      <Filter>Header Files\AI</Filter>
    </ClInclude>
    <ClInclude Include="HomeState.h">
      <Filter>Header Files\AI</Filter>
    </ClInclude>
    <ClInclude Include="OffState.h">
      <Filter>Header Files\AI</Filter>
    </ClInclude>
    <ClInclude Include="Player.h">
      <Filter>Header Files</Filter>
    </ClInclude>
    <ClInclude Include="PyramidCollisionShape.h">
      <Filter>Header Files\Physics\CollisionShapes</Filter>
    </ClInclude>
    <ClInclude Include="Thread.h">
      <Filter>Header Files\Threads</Filter>
    </ClInclude>
    <ClInclude Include="Server.h">
      <Filter>Header Files\Network</Filter>
    </ClInclude>
    <ClInclude Include="Network.h">
      <Filter>Header Files\Network</Filter>
    </ClInclude>
    <ClInclude Include="Client.h">
      <Filter>Header Files\Network</Filter>
    </ClInclude>
  </ItemGroup>
</Project>